<?xml version="1.0" encoding="utf-8"?>
<Project ToolsVersion="4.0" xmlns="http://schemas.microsoft.com/developer/msbuild/2003">
  <ItemGroup>
    <Filter Include="源文件">
      <UniqueIdentifier>{4FC737F1-C7A5-4376-A066-2A32D752A2FF}</UniqueIdentifier>
      <Extensions>cpp;c;cc;cxx;c++;cppm;ixx;def;odl;idl;hpj;bat;asm;asmx</Extensions>
    </Filter>
    <Filter Include="头文件">
      <UniqueIdentifier>{93995380-89BD-4b04-88EB-625FBE52EBFB}</UniqueIdentifier>
      <Extensions>h;hh;hpp;hxx;h++;hm;inl;inc;ipp;xsd</Extensions>
    </Filter>
    <Filter Include="资源文件">
      <UniqueIdentifier>{67DA6AB6-F800-4c08-8B7A-83BB121AAD01}</UniqueIdentifier>
      <Extensions>rc;ico;cur;bmp;dlg;rc2;rct;bin;rgs;gif;jpg;jpeg;jpe;resx;tiff;tif;png;wav;mfcribbon-ms</Extensions>
    </Filter>
    <Filter Include="源文件\Ch1.数组">
      <UniqueIdentifier>{68c0b838-4f27-4d86-a37e-61ea257b5cd6}</UniqueIdentifier>
    </Filter>
    <Filter Include="源文件\Ch1.数组\Day1">
      <UniqueIdentifier>{1a508b8b-2a72-450c-b883-7951e03c90ca}</UniqueIdentifier>
    </Filter>
    <Filter Include="源文件\Ch1.数组\Day2">
      <UniqueIdentifier>{0311fb92-3aa5-4a1b-84ed-a77ec286c989}</UniqueIdentifier>
    </Filter>
    <Filter Include="源文件\Ch2.链表">
      <UniqueIdentifier>{3384ddb2-9076-4f6c-b6cc-6c5321367f38}</UniqueIdentifier>
    </Filter>
    <Filter Include="源文件\Ch2.链表\Day3">
      <UniqueIdentifier>{207b8e12-98dd-450b-bbc8-ee458da7edd8}</UniqueIdentifier>
    </Filter>
    <Filter Include="源文件\Ch2.链表\Day4">
      <UniqueIdentifier>{3790bbd7-4b30-4d82-939b-433a56775b87}</UniqueIdentifier>
    </Filter>
    <Filter Include="源文件\Ch3.哈希表">
      <UniqueIdentifier>{66f22522-0160-40a1-b72e-4681e5d2fd27}</UniqueIdentifier>
    </Filter>
    <Filter Include="源文件\Ch3.哈希表\Day5">
      <UniqueIdentifier>{00288732-4a06-40e3-ae22-f68bfd24f4d9}</UniqueIdentifier>
    </Filter>
    <Filter Include="源文件\Ch3.哈希表\Day6">
      <UniqueIdentifier>{9819eea9-6165-4503-8347-ecc85f2c0ea7}</UniqueIdentifier>
    </Filter>
    <Filter Include="源文件\Ch4.字符串">
      <UniqueIdentifier>{ca366557-361b-42d2-a0a6-7816bd3fe898}</UniqueIdentifier>
    </Filter>
    <Filter Include="源文件\Ch4.字符串\Day7">
      <UniqueIdentifier>{9161bb20-313f-4889-bced-24c6e000dba1}</UniqueIdentifier>
    </Filter>
    <Filter Include="源文件\Ch4.字符串\Day8">
      <UniqueIdentifier>{ef2feb40-de6f-4433-b8b0-b2683f1981fa}</UniqueIdentifier>
    </Filter>
  </ItemGroup>
  <ItemGroup>
    <ClCompile Include="数组：二分查找.cpp">
      <Filter>源文件\Ch1.数组\Day1</Filter>
    </ClCompile>
    <ClCompile Include="数组：移除元素.cpp">
      <Filter>源文件\Ch1.数组\Day1</Filter>
    </ClCompile>
    <ClCompile Include="数组：有序数组的平方.cpp">
      <Filter>源文件\Ch1.数组\Day2</Filter>
    </ClCompile>
    <ClCompile Include="数组：长度最小的子数组.cpp">
      <Filter>源文件\Ch1.数组\Day2</Filter>
    </ClCompile>
    <ClCompile Include="数组：螺旋矩阵II.cpp">
      <Filter>源文件\Ch1.数组\Day2</Filter>
    </ClCompile>
    <ClCompile Include="链表：移除链表元素.cpp">
      <Filter>源文件\Ch2.链表\Day3</Filter>
    </ClCompile>
    <ClCompile Include="链表：设计链表.cpp">
      <Filter>源文件\Ch2.链表\Day3</Filter>
    </ClCompile>
    <ClCompile Include="链表：反转链表.cpp">
      <Filter>源文件\Ch2.链表\Day3</Filter>
    </ClCompile>
    <ClCompile Include="链表：两两交换链表中的节点.cpp">
      <Filter>源文件\Ch2.链表\Day4</Filter>
    </ClCompile>
    <ClCompile Include="链表：删除链表的倒数第N个节点.cpp">
      <Filter>源文件\Ch2.链表\Day4</Filter>
    </ClCompile>
    <ClCompile Include="链表：链表相交.cpp">
      <Filter>源文件\Ch2.链表\Day4</Filter>
    </ClCompile>
    <ClCompile Include="链表：环形链表.cpp">
      <Filter>源文件\Ch2.链表\Day4</Filter>
    </ClCompile>
    <ClCompile Include="哈希表：有效的字母异位词.cpp">
      <Filter>源文件\Ch3.哈希表\Day5</Filter>
    </ClCompile>
    <ClCompile Include="哈希表：两个数组的交集.cpp">
      <Filter>源文件\Ch3.哈希表\Day5</Filter>
    </ClCompile>
    <ClCompile Include="哈希表：快乐数.cpp">
      <Filter>源文件\Ch3.哈希表\Day5</Filter>
    </ClCompile>
    <ClCompile Include="哈希表：两数之和.cpp">
      <Filter>源文件\Ch3.哈希表\Day5</Filter>
    </ClCompile>
    <ClCompile Include="哈希表：四数相加II.cpp">
      <Filter>源文件\Ch3.哈希表\Day6</Filter>
    </ClCompile>
    <ClCompile Include="哈希表：赎金信.cpp">
      <Filter>源文件\Ch3.哈希表\Day6</Filter>
    </ClCompile>
    <ClCompile Include="哈希表：三数之和.cpp">
      <Filter>源文件\Ch3.哈希表\Day6</Filter>
    </ClCompile>
    <ClCompile Include="哈希表：四数之和.cpp">
      <Filter>源文件\Ch3.哈希表\Day6</Filter>
    </ClCompile>
    <ClCompile Include="字符串：反转字符串.cpp">
      <Filter>源文件\Ch4.字符串\Day7</Filter>
    </ClCompile>
    <ClCompile Include="字符串：反转字符串II.cpp">
      <Filter>源文件\Ch4.字符串\Day7</Filter>
    </ClCompile>
    <ClCompile Include="字符串：替换数字.cpp">
      <Filter>源文件\Ch4.字符串\Day7</Filter>
    </ClCompile>
  </ItemGroup>
  <ItemGroup>
    <ClInclude Include="Cong.h">
      <Filter>头文件</Filter>
    </ClInclude>
  </ItemGroup>
</Project>